PODS:
  - 1PasswordExtension (1.8.4)
  - Crashlytics (3.8.4):
    - Fabric (~> 1.6.3)
  - Fabric (1.6.11)
  - FirebaseAnalytics (3.9.0):
    - FirebaseCore (~> 3.6)
    - FirebaseInstanceID (~> 1.0)
    - GoogleToolboxForMac/NSData+zlib (~> 2.1)
  - FirebaseCore (3.6.0):
    - GoogleToolboxForMac/NSData+zlib (~> 2.1)
  - FirebaseInstanceID (1.0.10):
    - FirebaseCore (~> 3.6)
  - Google/Core (3.1.0):
    - FirebaseAnalytics (~> 3.2)
  - Google/SignIn (3.1.0):
    - Google/Core
    - GoogleSignIn (~> 4.0)
  - GoogleSignIn (4.0.2):
    - GoogleToolboxForMac/NSDictionary+URLArguments (~> 2.1)
    - GoogleToolboxForMac/NSString+URLArguments (~> 2.1)
    - GTMOAuth2 (~> 1.0)
    - GTMSessionFetcher/Core (~> 1.1)
  - GoogleToolboxForMac/DebugUtils (2.1.1):
    - GoogleToolboxForMac/Defines (= 2.1.1)
  - GoogleToolboxForMac/Defines (2.1.1)
  - GoogleToolboxForMac/NSData+zlib (2.1.1):
    - GoogleToolboxForMac/Defines (= 2.1.1)
  - GoogleToolboxForMac/NSDictionary+URLArguments (2.1.1):
    - GoogleToolboxForMac/DebugUtils (= 2.1.1)
    - GoogleToolboxForMac/Defines (= 2.1.1)
    - GoogleToolboxForMac/NSString+URLArguments (= 2.1.1)
  - GoogleToolboxForMac/NSString+URLArguments (2.1.1)
  - GTMOAuth2 (1.1.4):
    - GTMSessionFetcher (~> 1.1)
  - GTMSessionFetcher (1.1.10):
    - GTMSessionFetcher/Full (= 1.1.10)
  - GTMSessionFetcher/Core (1.1.10)
  - GTMSessionFetcher/Full (1.1.10):
    - GTMSessionFetcher/Core (= 1.1.10)
  - MobilePlayer (1.2.0)
  - Realm (2.8.3):
    - Realm/Headers (= 2.8.3)
  - Realm/Headers (2.8.3)
  - RealmSwift (2.8.3):
    - Realm (= 2.8.3)
  - SDWebImage (3.8.2):
    - SDWebImage/Core (= 3.8.2)
  - SDWebImage/Core (3.8.2)
  - semver (1.0.0)
  - SideMenuController (0.2.4.1)
  - SlackTextViewController (1.9.5)
  - Starscream (2.0.4)
  - SwiftyJSON (3.1.4)
  - TSMarkdownParser (2.1.3)
  - URBMediaFocusViewController (0.9.0)

DEPENDENCIES:
  - 1PasswordExtension
  - Crashlytics
  - Fabric
  - Google/SignIn
  - MobilePlayer
  - RealmSwift
  - SDWebImage (~> 3.8)
  - semver
  - SideMenuController (from `https://github.com/rafaelks/SideMenuController.git`)
  - SlackTextViewController
  - Starscream (~> 2.0.0)
  - SwiftyJSON
  - TSMarkdownParser
  - URBMediaFocusViewController

EXTERNAL SOURCES:
  SideMenuController:
    :git: https://github.com/rafaelks/SideMenuController.git

CHECKOUT OPTIONS:
  SideMenuController:
    :commit: a3a55e08f4752b5a4e169c6a8b2ceee0096649f5
    :git: https://github.com/rafaelks/SideMenuController.git

SPEC CHECKSUMS:
  1PasswordExtension: e775a29310c65851e5a6cec1afc349ab4e334e47
  Crashlytics: 79e236942ca1e7fc641df1feb9a275360a78ab6a
  Fabric: 5911403591946b8228ab1c51d98f1d7137e863c6
  FirebaseAnalytics: e5fe8486efc01bec33f6bf82e2fa9fce4b124052
  FirebaseCore: 9691ee2ade70c098d7cf92440f4303f16d83ca75
  FirebaseInstanceID: b9eedd6846fb5e1f0f7279e1deaa7a7e4cf8392e
  Google: 98da4b1a60ed0beb80a290387a28333406a1eb90
  GoogleSignIn: d7ad83f13480e1f30453471d00d19b5293ac46af
  GoogleToolboxForMac: 8e329f1b599f2512c6b10676d45736bcc2cbbeb0
  GTMOAuth2: 7fc9c10f5c745f4d9850419ea88889fe3baa6b7d
  GTMSessionFetcher: 30d874b96d0d76028f61fbd122801e3f030d47db
  MobilePlayer: 069b13482499f14c25b6ce53f63a91e17975b073
  Realm: 3601ef091c8c499a31101d8563b991e75546cdce
  RealmSwift: 8183818515471b01a99abdd2970f8e4fd52b6f4a
  SDWebImage: 098e97e6176540799c27e804c96653ee0833d13c
  semver: efe6bf4af25bffab18d442592771be392210b5ce
  SideMenuController: 44670bc1e1c58d9460fc028e246926227edefec0
  SlackTextViewController: fbcdadbb8090673f604484ff5b6eb8d77baed42a
  Starscream: df5974ee928b157c8eda8af8de7c620276b7dfcc
  SwiftyJSON: c2842d878f95482ffceec5709abc3d05680c0220
  TSMarkdownParser: 114779f14d46e7fc6d9880d4797e5abcc01f92c3
  URBMediaFocusViewController: 26779e301fe75ec0152fbe8b476bd06ccee9f9b3

PODFILE CHECKSUM: f616230e4b79b25b8a4e0f0f93067849361aafc5

COCOAPODS: 1.2.1
