PODS:
  - 1PasswordExtension (1.8.5)
  - Crashlytics (3.10.0):
    - Fabric (~> 1.7.3)
  - Fabric (1.7.3)
  - FLAnimatedImage (1.0.12)
  - FLEX (2.4.0)
  - GoogleSignIn (4.1.2):
    - GoogleToolboxForMac/NSDictionary+URLArguments (~> 2.1)
    - GoogleToolboxForMac/NSString+URLArguments (~> 2.1)
    - GTMOAuth2 (~> 1.0)
    - GTMSessionFetcher/Core (~> 1.1)
  - GoogleToolboxForMac/DebugUtils (2.1.3):
    - GoogleToolboxForMac/Defines (= 2.1.3)
  - GoogleToolboxForMac/Defines (2.1.3)
  - GoogleToolboxForMac/NSDictionary+URLArguments (2.1.3):
    - GoogleToolboxForMac/DebugUtils (= 2.1.3)
    - GoogleToolboxForMac/Defines (= 2.1.3)
    - GoogleToolboxForMac/NSString+URLArguments (= 2.1.3)
  - GoogleToolboxForMac/NSString+URLArguments (2.1.3)
  - GTMOAuth2 (1.1.6):
    - GTMSessionFetcher (~> 1.1)
  - GTMSessionFetcher (1.1.13):
    - GTMSessionFetcher/Full (= 1.1.13)
  - GTMSessionFetcher/Core (1.1.13)
  - GTMSessionFetcher/Full (1.1.13):
    - GTMSessionFetcher/Core (= 1.1.13)
  - Instabug (7.9.2):
    - Instabug/Instabug (= 7.9.2)
    - Instabug/InstabugCore (= 7.9.2)
  - Instabug/Instabug (7.9.2):
    - Instabug/InstabugCore
  - Instabug/InstabugCore (7.9.2)
  - MobilePlayer (1.2.0)
  - OAuthSwift (1.2.0)
  - RCMarkdownParser (3.0.4)
  - ReachabilitySwift (4.1.0)
  - Realm (3.1.1):
    - Realm/Headers (= 3.1.1)
  - Realm/Headers (3.1.1)
  - RealmSwift (3.1.1):
    - Realm (= 3.1.1)
  - SDWebImage (4.3.0):
    - SDWebImage/Core (= 4.3.0)
  - SDWebImage/Core (4.3.0)
  - SDWebImage/GIF (4.3.0):
    - FLAnimatedImage (~> 1.0)
    - SDWebImage/Core
  - SearchTextField (1.2.0)
  - semver (1.0.0)
  - SideMenuController (0.2.4.1)
  - SimpleImageViewer (1.0.2):
    - SDWebImage (~> 4)
    - SDWebImage/GIF
  - SlackTextViewController (1.9.6)
  - Starscream (3.0.4)
  - SwiftLint (0.25.0)
  - SwiftyJSON (4.0.0)
  - TagListView (1.3.0)

DEPENDENCIES:
  - 1PasswordExtension
  - Crashlytics
  - Fabric
  - FLEX (~> 2.0)
  - GoogleSignIn
  - Instabug
  - MobilePlayer
  - OAuthSwift
  - RCMarkdownParser (from `https://github.com/RocketChat/RCMarkdownParser.git`)
  - ReachabilitySwift
  - RealmSwift
  - SDWebImage (~> 4)
  - SDWebImage/GIF
  - SearchTextField
  - semver (from `https://github.com/rafaelks/Semver.Swift.git`, branch `chore/swift4`)
  - SideMenuController (from `https://github.com/rafaelks/SideMenuController.git`)
  - SimpleImageViewer (from `https://github.com/cardoso/SimpleImageViewer.git`)
  - SlackTextViewController (from `https://github.com/rafaelks/SlackTextViewController.git`)
  - Starscream
  - SwiftLint
  - SwiftyJSON
  - TagListView (~> 1.0)

EXTERNAL SOURCES:
  RCMarkdownParser:
    :git: https://github.com/RocketChat/RCMarkdownParser.git
  semver:
    :branch: chore/swift4
    :git: https://github.com/rafaelks/Semver.Swift.git
  SideMenuController:
    :git: https://github.com/rafaelks/SideMenuController.git
  SimpleImageViewer:
    :git: https://github.com/cardoso/SimpleImageViewer.git
  SlackTextViewController:
    :git: https://github.com/rafaelks/SlackTextViewController.git

CHECKOUT OPTIONS:
  RCMarkdownParser:
    :commit: 8d90207815f563f9e1a1a5b7a0a8fe1c1c94ff34
    :git: https://github.com/RocketChat/RCMarkdownParser.git
  semver:
    :commit: a8ad3f3c1b168dfa6a8f1f7de2e5cae59239d9bf
    :git: https://github.com/rafaelks/Semver.Swift.git
  SideMenuController:
    :commit: 267ddbc263304534df12e2b0dfbe8343f60891ab
    :git: https://github.com/rafaelks/SideMenuController.git
  SimpleImageViewer:
    :commit: 0398657e933c8c8f06831a93d2cc96610e18a4f2
    :git: https://github.com/cardoso/SimpleImageViewer.git
  SlackTextViewController:
    :commit: 944b7cc4de734638cdefdecb9c7d7846fc3ab252
    :git: https://github.com/rafaelks/SlackTextViewController.git

SPEC CHECKSUMS:
  1PasswordExtension: 0e95bdea64ec8ff2f4f693be5467a09fac42a83d
  Crashlytics: a989ef242b66605577a425733797f810bd2725eb
  Fabric: bb495bb9a7a7677c6d03a1f8b83d95bc49b47e41
  FLAnimatedImage: 4a0b56255d9b05f18b6dd7ee06871be5d3b89e31
  FLEX: bd1a39e55b56bb413b6f1b34b3c10a0dc44ef079
  GoogleSignIn: d9ef55b10f0aa401a5de2747f59b725e4b9732ac
  GoogleToolboxForMac: 2501e2ad72a52eb3dfe7bd9aee7dad11b858bd20
  GTMOAuth2: c77fe325e4acd453837e72d91e3b5f13116857b2
  GTMSessionFetcher: 5bb1eae636127de695590f50e7d248483eb891e6
  Instabug: 03f1498c234f8b22ae2acf10b34140e9030c2b71
  MobilePlayer: 069b13482499f14c25b6ce53f63a91e17975b073
  OAuthSwift: 7fd6855b8e4d58eb5a30d156ea9bed7a8aecd1ca
  RCMarkdownParser: db98166953cad4d0045d28f627d93330b36eb7ff
  ReachabilitySwift: 6849231cd4e06559f3b9ef4a97a0a0f96d41e09f
  Realm: 42d1c38a5b1bbcc828b48a7ce702cb86fc68adf4
  RealmSwift: d31937ca6a6ee54acde64ec839523c0a3c04924b
  SDWebImage: 6da6c8bca115addc4de8613362e1b15f66333825
  SearchTextField: a5bb7e4c33affadb115afdbe8100d84ef10a8024
  semver: df3895a55a097c7a819a80e7375e95b29e136157
  SideMenuController: 44670bc1e1c58d9460fc028e246926227edefec0
  SimpleImageViewer: 329a155b04fcb93c5da0e296044250ad113c3158
  SlackTextViewController: b854e62c1c156336bc4fd409c6ca79b5773e8f9d
  Starscream: f5da93fe6984c77b694366bf7299b7dc63a76f26
  SwiftLint: e14651157288e9e01d6e1a71db7014fb5744a8ea
  SwiftyJSON: 070dabdcb1beb81b247c65ffa3a79dbbfb3b48aa
  TagListView: 669f7d4455003c877655875d34829731c4191528

PODFILE CHECKSUM: 5bc709d188690e4a834ea20865f8d0423b0b7470

COCOAPODS: 1.4.0
