PODS:
  - JSQCoreDataKit (2.0.0)
  - MMDrawerController (0.6.0):
    - MMDrawerController/Core (= 0.6.0)
    - MMDrawerController/MMDrawerBarButtonItem (= 0.6.0)
    - MMDrawerController/MMDrawerVisualStates (= 0.6.0)
    - MMDrawerController/Subclass (= 0.6.0)
  - MMDrawerController/Core (0.6.0)
  - MMDrawerController/MMDrawerBarButtonItem (0.6.0):
    - MMDrawerController/Core
  - MMDrawerController/MMDrawerVisualStates (0.6.0):
    - MMDrawerController/Core
  - MMDrawerController/Subclass (0.6.0):
    - MMDrawerController/Core

DEPENDENCIES:
  - JSQCoreDataKit (from `https://github.com/jessesquires/JSQCoreDataKit.git`, branch
    `release-2.0`)
  - MMDrawerController (~> 0.6.0)

EXTERNAL SOURCES:
  JSQCoreDataKit:
    :branch: release-2.0
    :git: https://github.com/jessesquires/JSQCoreDataKit.git

CHECKOUT OPTIONS:
  JSQCoreDataKit:
    :commit: 8be0696c8c7c51cfac8433381dc7afa597525ae0
    :git: https://github.com/jessesquires/JSQCoreDataKit.git

SPEC CHECKSUMS:
  JSQCoreDataKit: 6b8c511bedc9cf17fce944a42cb0f1f2090e1fab
  MMDrawerController: e3a54a5570388463ad3b36975251575b50c4e1a0

COCOAPODS: 0.38.2
