// !$*UTF8*$!
{
	archiveVersion = 1;
	classes = {
	};
	objectVersion = 47;
	objects = {

/* Begin PBXBuildFile section */
		410CEB141B8B386E00CAFFE9 /* AppDelegate.swift in Sources */ = {isa = PBXBuildFile; fileRef = 410CEB131B8B386E00CAFFE9 /* AppDelegate.swift */; };
		410CEB1A1B8B388300CAFFE9 /* LoadMoreHeaderTableViewCell.swift in Sources */ = {isa = PBXBuildFile; fileRef = 410CEB171B8B388300CAFFE9 /* LoadMoreHeaderTableViewCell.swift */; };
		410CEB1B1B8B388300CAFFE9 /* MainTableViewCell.swift in Sources */ = {isa = PBXBuildFile; fileRef = 410CEB181B8B388300CAFFE9 /* MainTableViewCell.swift */; };
		410CEB1C1B8B388300CAFFE9 /* NoDetailsTableViewCell.swift in Sources */ = {isa = PBXBuildFile; fileRef = 410CEB191B8B388300CAFFE9 /* NoDetailsTableViewCell.swift */; };
		410CEB221B8B388F00CAFFE9 /* LeftViewController.swift in Sources */ = {isa = PBXBuildFile; fileRef = 410CEB1E1B8B388F00CAFFE9 /* LeftViewController.swift */; };
		410CEB231B8B388F00CAFFE9 /* RightViewController.swift in Sources */ = {isa = PBXBuildFile; fileRef = 410CEB1F1B8B388F00CAFFE9 /* RightViewController.swift */; };
		410CEB241B8B388F00CAFFE9 /* ViewController.swift in Sources */ = {isa = PBXBuildFile; fileRef = 410CEB201B8B388F00CAFFE9 /* ViewController.swift */; };
		410CEB271B8B38A800CAFFE9 /* LoginViewController.swift in Sources */ = {isa = PBXBuildFile; fileRef = 410CEB261B8B38A800CAFFE9 /* LoginViewController.swift */; };
		410CEB2C1B8B390400CAFFE9 /* ChatRoom.swift in Sources */ = {isa = PBXBuildFile; fileRef = 410CEB291B8B390400CAFFE9 /* ChatRoom.swift */; };
		410CEB2D1B8B390400CAFFE9 /* Message.swift in Sources */ = {isa = PBXBuildFile; fileRef = 410CEB2A1B8B390400CAFFE9 /* Message.swift */; };
		410CEB2E1B8B390400CAFFE9 /* User.swift in Sources */ = {isa = PBXBuildFile; fileRef = 410CEB2B1B8B390400CAFFE9 /* User.swift */; };
		4F28B1571B903B6D0033D8D1 /* LeftMenu.storyboard in Resources */ = {isa = PBXBuildFile; fileRef = 4F28B1551B903B6D0033D8D1 /* LeftMenu.storyboard */; };
		4F28B1591B90FF230033D8D1 /* AccountBarViewController.swift in Sources */ = {isa = PBXBuildFile; fileRef = 4F28B1581B90FF230033D8D1 /* AccountBarViewController.swift */; };
		4F28B1601B9101720033D8D1 /* FavoritesTableViewCell.swift in Sources */ = {isa = PBXBuildFile; fileRef = 4F28B15B1B9101720033D8D1 /* FavoritesTableViewCell.swift */; };
		4F28B1611B9101720033D8D1 /* DirectMessagesTableViewCell.swift in Sources */ = {isa = PBXBuildFile; fileRef = 4F28B15C1B9101720033D8D1 /* DirectMessagesTableViewCell.swift */; };
		4F28B1621B9101720033D8D1 /* PrivateGroupsTableViewCell.swift in Sources */ = {isa = PBXBuildFile; fileRef = 4F28B15D1B9101720033D8D1 /* PrivateGroupsTableViewCell.swift */; };
		4F28B1631B9101720033D8D1 /* ChannelsTableViewCell.swift in Sources */ = {isa = PBXBuildFile; fileRef = 4F28B15E1B9101720033D8D1 /* ChannelsTableViewCell.swift */; };
		4F28B1651B93514E0033D8D1 /* AccountOptionsTableViewController.swift in Sources */ = {isa = PBXBuildFile; fileRef = 4F28B1641B93514E0033D8D1 /* AccountOptionsTableViewController.swift */; };
		4F28B1671B936C6C0033D8D1 /* LeftMenuTabBarViewController.swift in Sources */ = {isa = PBXBuildFile; fileRef = 4F28B1661B936C6C0033D8D1 /* LeftMenuTabBarViewController.swift */; };
		4F28B1691B9493B10033D8D1 /* ChatsNavTableViewController.swift in Sources */ = {isa = PBXBuildFile; fileRef = 4F28B1681B9493B10033D8D1 /* ChatsNavTableViewController.swift */; };
		4FB7E4D61B70111D00C69777 /* Rocket_Chat_iOS.xcdatamodeld in Sources */ = {isa = PBXBuildFile; fileRef = 4FB7E4D41B70111D00C69777 /* Rocket_Chat_iOS.xcdatamodeld */; };
		4FB7E4DD1B70111D00C69777 /* Main.storyboard in Resources */ = {isa = PBXBuildFile; fileRef = 4FB7E4DB1B70111D00C69777 /* Main.storyboard */; };
		4FB7E4DF1B70111D00C69777 /* Assets.xcassets in Resources */ = {isa = PBXBuildFile; fileRef = 4FB7E4DE1B70111D00C69777 /* Assets.xcassets */; };
		4FB7E4E21B70111D00C69777 /* LaunchScreen.storyboard in Resources */ = {isa = PBXBuildFile; fileRef = 4FB7E4E01B70111D00C69777 /* LaunchScreen.storyboard */; };
		4FB7E4ED1B70111E00C69777 /* Rocket_Chat_iOSTests.swift in Sources */ = {isa = PBXBuildFile; fileRef = 4FB7E4EC1B70111E00C69777 /* Rocket_Chat_iOSTests.swift */; };
		4FB7E4F81B70111E00C69777 /* Rocket_Chat_iOSUITests.swift in Sources */ = {isa = PBXBuildFile; fileRef = 4FB7E4F71B70111E00C69777 /* Rocket_Chat_iOSUITests.swift */; };
		783304F2FCA3B826852C6DD2 /* Pods_Rocket_Chat_iOS.framework in Frameworks */ = {isa = PBXBuildFile; fileRef = 4227E3B51FEB156513C2D7BD /* Pods_Rocket_Chat_iOS.framework */; settings = {ATTRIBUTES = (Weak, ); }; };
		DF2A60E61B8DC6280014548B /* RegisterViewController.swift in Sources */ = {isa = PBXBuildFile; fileRef = DF2A60E51B8DC6280014548B /* RegisterViewController.swift */; settings = {ASSET_TAGS = (); }; };
		DF2A60E81B8DCD3A0014548B /* ForgotPasswordViewController.swift in Sources */ = {isa = PBXBuildFile; fileRef = DF2A60E71B8DCD3A0014548B /* ForgotPasswordViewController.swift */; settings = {ASSET_TAGS = (); }; };
/* End PBXBuildFile section */

/* Begin PBXContainerItemProxy section */
		4FB7E4E91B70111E00C69777 /* PBXContainerItemProxy */ = {
			isa = PBXContainerItemProxy;
			containerPortal = 4FB7E4C71B70111D00C69777 /* Project object */;
			proxyType = 1;
			remoteGlobalIDString = 4FB7E4CE1B70111D00C69777;
			remoteInfo = Rocket.Chat.iOS;
		};
		4FB7E4F41B70111E00C69777 /* PBXContainerItemProxy */ = {
			isa = PBXContainerItemProxy;
			containerPortal = 4FB7E4C71B70111D00C69777 /* Project object */;
			proxyType = 1;
			remoteGlobalIDString = 4FB7E4CE1B70111D00C69777;
			remoteInfo = Rocket.Chat.iOS;
		};
/* End PBXContainerItemProxy section */

/* Begin PBXFileReference section */
		39D29D0B9966EB0E7E0F9317 /* Pods-Rocket.Chat.iOS.debug.xcconfig */ = {isa = PBXFileReference; includeInIndex = 1; lastKnownFileType = text.xcconfig; name = "Pods-Rocket.Chat.iOS.debug.xcconfig"; path = "Pods/Target Support Files/Pods-Rocket.Chat.iOS/Pods-Rocket.Chat.iOS.debug.xcconfig"; sourceTree = "<group>"; };
		410CEB131B8B386E00CAFFE9 /* AppDelegate.swift */ = {isa = PBXFileReference; fileEncoding = 4; lastKnownFileType = sourcecode.swift; path = AppDelegate.swift; sourceTree = "<group>"; };
		410CEB171B8B388300CAFFE9 /* LoadMoreHeaderTableViewCell.swift */ = {isa = PBXFileReference; fileEncoding = 4; lastKnownFileType = sourcecode.swift; name = LoadMoreHeaderTableViewCell.swift; path = Cells/LoadMoreHeaderTableViewCell.swift; sourceTree = "<group>"; };
		410CEB181B8B388300CAFFE9 /* MainTableViewCell.swift */ = {isa = PBXFileReference; fileEncoding = 4; lastKnownFileType = sourcecode.swift; name = MainTableViewCell.swift; path = Cells/MainTableViewCell.swift; sourceTree = "<group>"; };
		410CEB191B8B388300CAFFE9 /* NoDetailsTableViewCell.swift */ = {isa = PBXFileReference; fileEncoding = 4; lastKnownFileType = sourcecode.swift; name = NoDetailsTableViewCell.swift; path = Cells/NoDetailsTableViewCell.swift; sourceTree = "<group>"; };
		410CEB1E1B8B388F00CAFFE9 /* LeftViewController.swift */ = {isa = PBXFileReference; fileEncoding = 4; lastKnownFileType = sourcecode.swift; name = LeftViewController.swift; path = ViewControllers/LeftViewController.swift; sourceTree = "<group>"; };
		410CEB1F1B8B388F00CAFFE9 /* RightViewController.swift */ = {isa = PBXFileReference; fileEncoding = 4; lastKnownFileType = sourcecode.swift; name = RightViewController.swift; path = ViewControllers/RightViewController.swift; sourceTree = "<group>"; };
		410CEB201B8B388F00CAFFE9 /* ViewController.swift */ = {isa = PBXFileReference; fileEncoding = 4; lastKnownFileType = sourcecode.swift; name = ViewController.swift; path = ViewControllers/ViewController.swift; sourceTree = "<group>"; };
		410CEB261B8B38A800CAFFE9 /* LoginViewController.swift */ = {isa = PBXFileReference; fileEncoding = 4; lastKnownFileType = sourcecode.swift; path = LoginViewController.swift; sourceTree = "<group>"; };
		410CEB291B8B390400CAFFE9 /* ChatRoom.swift */ = {isa = PBXFileReference; fileEncoding = 4; lastKnownFileType = sourcecode.swift; name = ChatRoom.swift; path = Models/ChatRoom.swift; sourceTree = "<group>"; };
		410CEB2A1B8B390400CAFFE9 /* Message.swift */ = {isa = PBXFileReference; fileEncoding = 4; lastKnownFileType = sourcecode.swift; name = Message.swift; path = Models/Message.swift; sourceTree = "<group>"; };
		410CEB2B1B8B390400CAFFE9 /* User.swift */ = {isa = PBXFileReference; fileEncoding = 4; lastKnownFileType = sourcecode.swift; name = User.swift; path = Models/User.swift; sourceTree = "<group>"; };
		410CEB2F1B8B391100CAFFE9 /* Rocket.Chat.iOS-Bridging-Header.h */ = {isa = PBXFileReference; lastKnownFileType = sourcecode.c.h; path = "Rocket.Chat.iOS-Bridging-Header.h"; sourceTree = "<group>"; };
		4227E3B51FEB156513C2D7BD /* Pods_Rocket_Chat_iOS.framework */ = {isa = PBXFileReference; explicitFileType = wrapper.framework; includeInIndex = 0; path = Pods_Rocket_Chat_iOS.framework; sourceTree = BUILT_PRODUCTS_DIR; };
		4F28B1561B903B6D0033D8D1 /* Base */ = {isa = PBXFileReference; lastKnownFileType = file.storyboard; name = Base; path = Base.lproj/LeftMenu.storyboard; sourceTree = "<group>"; };
		4F28B1581B90FF230033D8D1 /* AccountBarViewController.swift */ = {isa = PBXFileReference; fileEncoding = 4; lastKnownFileType = sourcecode.swift; name = AccountBarViewController.swift; path = ViewControllers/AccountBarViewController.swift; sourceTree = "<group>"; };
		4F28B15B1B9101720033D8D1 /* FavoritesTableViewCell.swift */ = {isa = PBXFileReference; fileEncoding = 4; lastKnownFileType = sourcecode.swift; path = FavoritesTableViewCell.swift; sourceTree = "<group>"; };
		4F28B15C1B9101720033D8D1 /* DirectMessagesTableViewCell.swift */ = {isa = PBXFileReference; fileEncoding = 4; lastKnownFileType = sourcecode.swift; path = DirectMessagesTableViewCell.swift; sourceTree = "<group>"; };
		4F28B15D1B9101720033D8D1 /* PrivateGroupsTableViewCell.swift */ = {isa = PBXFileReference; fileEncoding = 4; lastKnownFileType = sourcecode.swift; path = PrivateGroupsTableViewCell.swift; sourceTree = "<group>"; };
		4F28B15E1B9101720033D8D1 /* ChannelsTableViewCell.swift */ = {isa = PBXFileReference; fileEncoding = 4; lastKnownFileType = sourcecode.swift; path = ChannelsTableViewCell.swift; sourceTree = "<group>"; };
		4F28B1641B93514E0033D8D1 /* AccountOptionsTableViewController.swift */ = {isa = PBXFileReference; fileEncoding = 4; lastKnownFileType = sourcecode.swift; name = AccountOptionsTableViewController.swift; path = ViewControllers/AccountOptionsTableViewController.swift; sourceTree = "<group>"; };
		4F28B1661B936C6C0033D8D1 /* LeftMenuTabBarViewController.swift */ = {isa = PBXFileReference; fileEncoding = 4; lastKnownFileType = sourcecode.swift; name = LeftMenuTabBarViewController.swift; path = ViewControllers/LeftMenuTabBarViewController.swift; sourceTree = "<group>"; };
		4F28B1681B9493B10033D8D1 /* ChatsNavTableViewController.swift */ = {isa = PBXFileReference; fileEncoding = 4; lastKnownFileType = sourcecode.swift; name = ChatsNavTableViewController.swift; path = ViewControllers/ChatsNavTableViewController.swift; sourceTree = "<group>"; };
		4FB7E4CF1B70111D00C69777 /* Rocket.Chat.iOS.app */ = {isa = PBXFileReference; explicitFileType = wrapper.application; includeInIndex = 0; path = Rocket.Chat.iOS.app; sourceTree = BUILT_PRODUCTS_DIR; };
		4FB7E4D51B70111D00C69777 /* Rocket_Chat_iOS.xcdatamodel */ = {isa = PBXFileReference; lastKnownFileType = wrapper.xcdatamodel; path = Rocket_Chat_iOS.xcdatamodel; sourceTree = "<group>"; };
		4FB7E4DC1B70111D00C69777 /* Base */ = {isa = PBXFileReference; lastKnownFileType = file.storyboard; name = Base; path = Base.lproj/Main.storyboard; sourceTree = "<group>"; };
		4FB7E4DE1B70111D00C69777 /* Assets.xcassets */ = {isa = PBXFileReference; lastKnownFileType = folder.assetcatalog; path = Assets.xcassets; sourceTree = "<group>"; };
		4FB7E4E11B70111D00C69777 /* Base */ = {isa = PBXFileReference; lastKnownFileType = file.storyboard; name = Base; path = Base.lproj/LaunchScreen.storyboard; sourceTree = "<group>"; };
		4FB7E4E31B70111D00C69777 /* Info.plist */ = {isa = PBXFileReference; lastKnownFileType = text.plist.xml; path = Info.plist; sourceTree = "<group>"; };
		4FB7E4E81B70111E00C69777 /* Rocket.Chat.iOSTests.xctest */ = {isa = PBXFileReference; explicitFileType = wrapper.cfbundle; includeInIndex = 0; path = Rocket.Chat.iOSTests.xctest; sourceTree = BUILT_PRODUCTS_DIR; };
		4FB7E4EC1B70111E00C69777 /* Rocket_Chat_iOSTests.swift */ = {isa = PBXFileReference; lastKnownFileType = sourcecode.swift; path = Rocket_Chat_iOSTests.swift; sourceTree = "<group>"; };
		4FB7E4EE1B70111E00C69777 /* Info.plist */ = {isa = PBXFileReference; lastKnownFileType = text.plist.xml; path = Info.plist; sourceTree = "<group>"; };
		4FB7E4F31B70111E00C69777 /* Rocket.Chat.iOSUITests.xctest */ = {isa = PBXFileReference; explicitFileType = wrapper.cfbundle; includeInIndex = 0; path = Rocket.Chat.iOSUITests.xctest; sourceTree = BUILT_PRODUCTS_DIR; };
		4FB7E4F71B70111E00C69777 /* Rocket_Chat_iOSUITests.swift */ = {isa = PBXFileReference; lastKnownFileType = sourcecode.swift; path = Rocket_Chat_iOSUITests.swift; sourceTree = "<group>"; };
		4FB7E4F91B70111E00C69777 /* Info.plist */ = {isa = PBXFileReference; lastKnownFileType = text.plist.xml; path = Info.plist; sourceTree = "<group>"; };
		DF2A60E51B8DC6280014548B /* RegisterViewController.swift */ = {isa = PBXFileReference; fileEncoding = 4; lastKnownFileType = sourcecode.swift; name = RegisterViewController.swift; path = ViewControllers/RegisterViewController.swift; sourceTree = "<group>"; };
		DF2A60E71B8DCD3A0014548B /* ForgotPasswordViewController.swift */ = {isa = PBXFileReference; fileEncoding = 4; lastKnownFileType = sourcecode.swift; path = ForgotPasswordViewController.swift; sourceTree = "<group>"; };
		E8B42BE2CCF2AD5BB7DE9FF1 /* Pods-Rocket.Chat.iOS.release.xcconfig */ = {isa = PBXFileReference; includeInIndex = 1; lastKnownFileType = text.xcconfig; name = "Pods-Rocket.Chat.iOS.release.xcconfig"; path = "Pods/Target Support Files/Pods-Rocket.Chat.iOS/Pods-Rocket.Chat.iOS.release.xcconfig"; sourceTree = "<group>"; };
/* End PBXFileReference section */

/* Begin PBXFrameworksBuildPhase section */
		4FB7E4CC1B70111D00C69777 /* Frameworks */ = {
			isa = PBXFrameworksBuildPhase;
			buildActionMask = 2147483647;
			files = (
				783304F2FCA3B826852C6DD2 /* Pods_Rocket_Chat_iOS.framework in Frameworks */,
			);
			runOnlyForDeploymentPostprocessing = 0;
		};
		4FB7E4E51B70111E00C69777 /* Frameworks */ = {
			isa = PBXFrameworksBuildPhase;
			buildActionMask = 2147483647;
			files = (
			);
			runOnlyForDeploymentPostprocessing = 0;
		};
		4FB7E4F01B70111E00C69777 /* Frameworks */ = {
			isa = PBXFrameworksBuildPhase;
			buildActionMask = 2147483647;
			files = (
			);
			runOnlyForDeploymentPostprocessing = 0;
		};
/* End PBXFrameworksBuildPhase section */

/* Begin PBXGroup section */
		02E0FA433FF159A275A34B71 /* Pods */ = {
			isa = PBXGroup;
			children = (
				39D29D0B9966EB0E7E0F9317 /* Pods-Rocket.Chat.iOS.debug.xcconfig */,
				E8B42BE2CCF2AD5BB7DE9FF1 /* Pods-Rocket.Chat.iOS.release.xcconfig */,
			);
			name = Pods;
			sourceTree = "<group>";
		};
		402A141B1B723E1D00B60093 /* Model */ = {
			isa = PBXGroup;
			children = (
				410CEB291B8B390400CAFFE9 /* ChatRoom.swift */,
				410CEB2A1B8B390400CAFFE9 /* Message.swift */,
				410CEB2B1B8B390400CAFFE9 /* User.swift */,
			);
			name = Model;
			sourceTree = "<group>";
		};
		410CEB151B8B387500CAFFE9 /* ViewControllers */ = {
			isa = PBXGroup;
			children = (
				4F28B1681B9493B10033D8D1 /* ChatsNavTableViewController.swift */,
				410CEB251B8B38A800CAFFE9 /* Auth */,
				410CEB1E1B8B388F00CAFFE9 /* LeftViewController.swift */,
				410CEB1F1B8B388F00CAFFE9 /* RightViewController.swift */,
				410CEB201B8B388F00CAFFE9 /* ViewController.swift */,
				DF2A60E51B8DC6280014548B /* RegisterViewController.swift */,
				DF2A60E71B8DCD3A0014548B /* ForgotPasswordViewController.swift */,
				4F28B1581B90FF230033D8D1 /* AccountBarViewController.swift */,
				4F28B1641B93514E0033D8D1 /* AccountOptionsTableViewController.swift */,
				4F28B1661B936C6C0033D8D1 /* LeftMenuTabBarViewController.swift */,
			);
			name = ViewControllers;
			sourceTree = "<group>";
		};
		410CEB161B8B387B00CAFFE9 /* Cells */ = {
			isa = PBXGroup;
			children = (
				4F28B15B1B9101720033D8D1 /* FavoritesTableViewCell.swift */,
				4F28B15C1B9101720033D8D1 /* DirectMessagesTableViewCell.swift */,
				4F28B15D1B9101720033D8D1 /* PrivateGroupsTableViewCell.swift */,
				4F28B15E1B9101720033D8D1 /* ChannelsTableViewCell.swift */,
				410CEB171B8B388300CAFFE9 /* LoadMoreHeaderTableViewCell.swift */,
				410CEB181B8B388300CAFFE9 /* MainTableViewCell.swift */,
				410CEB191B8B388300CAFFE9 /* NoDetailsTableViewCell.swift */,
			);
			name = Cells;
			sourceTree = "<group>";
		};
		410CEB251B8B38A800CAFFE9 /* Auth */ = {
			isa = PBXGroup;
			children = (
				410CEB261B8B38A800CAFFE9 /* LoginViewController.swift */,
			);
			name = Auth;
			path = ViewControllers/Auth;
			sourceTree = "<group>";
		};
		410CEB281B8B38B200CAFFE9 /* Supporting FIles */ = {
			isa = PBXGroup;
			children = (
				4FB7E4E31B70111D00C69777 /* Info.plist */,
			);
			name = "Supporting FIles";
			sourceTree = "<group>";
		};
		4FB7E4C61B70111D00C69777 = {
			isa = PBXGroup;
			children = (
				4FB7E4D11B70111D00C69777 /* Rocket.Chat.iOS */,
				4FB7E4EB1B70111E00C69777 /* Rocket.Chat.iOSTests */,
				4FB7E4F61B70111E00C69777 /* Rocket.Chat.iOSUITests */,
				4FB7E4D01B70111D00C69777 /* Products */,
				02E0FA433FF159A275A34B71 /* Pods */,
				E7E1D0A9090D37B9C9D73E94 /* Frameworks */,
			);
			sourceTree = "<group>";
		};
		4FB7E4D01B70111D00C69777 /* Products */ = {
			isa = PBXGroup;
			children = (
				4FB7E4CF1B70111D00C69777 /* Rocket.Chat.iOS.app */,
				4FB7E4E81B70111E00C69777 /* Rocket.Chat.iOSTests.xctest */,
				4FB7E4F31B70111E00C69777 /* Rocket.Chat.iOSUITests.xctest */,
			);
			name = Products;
			sourceTree = "<group>";
		};
		4FB7E4D11B70111D00C69777 /* Rocket.Chat.iOS */ = {
			isa = PBXGroup;
			children = (
				402A141B1B723E1D00B60093 /* Model */,
				410CEB161B8B387B00CAFFE9 /* Cells */,
				410CEB151B8B387500CAFFE9 /* ViewControllers */,
				410CEB131B8B386E00CAFFE9 /* AppDelegate.swift */,
				4FB7E4DB1B70111D00C69777 /* Main.storyboard */,
				4FB7E4E01B70111D00C69777 /* LaunchScreen.storyboard */,
				4F28B1551B903B6D0033D8D1 /* LeftMenu.storyboard */,
				4FB7E4DE1B70111D00C69777 /* Assets.xcassets */,
				4FB7E4D41B70111D00C69777 /* Rocket_Chat_iOS.xcdatamodeld */,
				410CEB2F1B8B391100CAFFE9 /* Rocket.Chat.iOS-Bridging-Header.h */,
				410CEB281B8B38B200CAFFE9 /* Supporting FIles */,
			);
			path = Rocket.Chat.iOS;
			sourceTree = "<group>";
		};
		4FB7E4EB1B70111E00C69777 /* Rocket.Chat.iOSTests */ = {
			isa = PBXGroup;
			children = (
				4FB7E4EC1B70111E00C69777 /* Rocket_Chat_iOSTests.swift */,
				4FB7E4EE1B70111E00C69777 /* Info.plist */,
			);
			path = Rocket.Chat.iOSTests;
			sourceTree = "<group>";
		};
		4FB7E4F61B70111E00C69777 /* Rocket.Chat.iOSUITests */ = {
			isa = PBXGroup;
			children = (
				4FB7E4F71B70111E00C69777 /* Rocket_Chat_iOSUITests.swift */,
				4FB7E4F91B70111E00C69777 /* Info.plist */,
			);
			path = Rocket.Chat.iOSUITests;
			sourceTree = "<group>";
		};
		E7E1D0A9090D37B9C9D73E94 /* Frameworks */ = {
			isa = PBXGroup;
			children = (
				4227E3B51FEB156513C2D7BD /* Pods_Rocket_Chat_iOS.framework */,
			);
			name = Frameworks;
			sourceTree = "<group>";
		};
/* End PBXGroup section */

/* Begin PBXNativeTarget section */
		4FB7E4CE1B70111D00C69777 /* Rocket.Chat.iOS */ = {
			isa = PBXNativeTarget;
			buildConfigurationList = 4FB7E4FC1B70111E00C69777 /* Build configuration list for PBXNativeTarget "Rocket.Chat.iOS" */;
			buildPhases = (
				E524EBF45DB8ADD801F92BD1 /* Check Pods Manifest.lock */,
				4FB7E4CB1B70111D00C69777 /* Sources */,
				4FB7E4CC1B70111D00C69777 /* Frameworks */,
				4FB7E4CD1B70111D00C69777 /* Resources */,
				0F060DF30AF32B230014E2F2 /* Copy Pods Resources */,
				433CAF65EF3BB8CD25FDC599 /* Embed Pods Frameworks */,
			);
			buildRules = (
			);
			dependencies = (
			);
			name = Rocket.Chat.iOS;
			productName = Rocket.Chat.iOS;
			productReference = 4FB7E4CF1B70111D00C69777 /* Rocket.Chat.iOS.app */;
			productType = "com.apple.product-type.application";
		};
		4FB7E4E71B70111E00C69777 /* Rocket.Chat.iOSTests */ = {
			isa = PBXNativeTarget;
			buildConfigurationList = 4FB7E4FF1B70111E00C69777 /* Build configuration list for PBXNativeTarget "Rocket.Chat.iOSTests" */;
			buildPhases = (
				4FB7E4E41B70111E00C69777 /* Sources */,
				4FB7E4E51B70111E00C69777 /* Frameworks */,
				4FB7E4E61B70111E00C69777 /* Resources */,
			);
			buildRules = (
			);
			dependencies = (
				4FB7E4EA1B70111E00C69777 /* PBXTargetDependency */,
			);
			name = Rocket.Chat.iOSTests;
			productName = Rocket.Chat.iOSTests;
			productReference = 4FB7E4E81B70111E00C69777 /* Rocket.Chat.iOSTests.xctest */;
			productType = "com.apple.product-type.bundle.unit-test";
		};
		4FB7E4F21B70111E00C69777 /* Rocket.Chat.iOSUITests */ = {
			isa = PBXNativeTarget;
			buildConfigurationList = 4FB7E5021B70111E00C69777 /* Build configuration list for PBXNativeTarget "Rocket.Chat.iOSUITests" */;
			buildPhases = (
				4FB7E4EF1B70111E00C69777 /* Sources */,
				4FB7E4F01B70111E00C69777 /* Frameworks */,
				4FB7E4F11B70111E00C69777 /* Resources */,
			);
			buildRules = (
			);
			dependencies = (
				4FB7E4F51B70111E00C69777 /* PBXTargetDependency */,
			);
			name = Rocket.Chat.iOSUITests;
			productName = Rocket.Chat.iOSUITests;
			productReference = 4FB7E4F31B70111E00C69777 /* Rocket.Chat.iOSUITests.xctest */;
			productType = "com.apple.product-type.bundle.ui-testing";
		};
/* End PBXNativeTarget section */

/* Begin PBXProject section */
		4FB7E4C71B70111D00C69777 /* Project object */ = {
			isa = PBXProject;
			attributes = {
				LastSwiftUpdateCheck = 0700;
				LastUpgradeCheck = 0700;
				ORGANIZATIONNAME = Rocket.Chat;
				TargetAttributes = {
					4FB7E4CE1B70111D00C69777 = {
						CreatedOnToolsVersion = 7.0;
					};
					4FB7E4E71B70111E00C69777 = {
						CreatedOnToolsVersion = 7.0;
						TestTargetID = 4FB7E4CE1B70111D00C69777;
					};
					4FB7E4F21B70111E00C69777 = {
						CreatedOnToolsVersion = 7.0;
						TestTargetID = 4FB7E4CE1B70111D00C69777;
					};
				};
			};
			buildConfigurationList = 4FB7E4CA1B70111D00C69777 /* Build configuration list for PBXProject "Rocket.Chat.iOS" */;
			compatibilityVersion = "Xcode 6.3";
			developmentRegion = English;
			hasScannedForEncodings = 0;
			knownRegions = (
				en,
				Base,
			);
			mainGroup = 4FB7E4C61B70111D00C69777;
			productRefGroup = 4FB7E4D01B70111D00C69777 /* Products */;
			projectDirPath = "";
			projectRoot = "";
			targets = (
				4FB7E4CE1B70111D00C69777 /* Rocket.Chat.iOS */,
				4FB7E4E71B70111E00C69777 /* Rocket.Chat.iOSTests */,
				4FB7E4F21B70111E00C69777 /* Rocket.Chat.iOSUITests */,
			);
		};
/* End PBXProject section */

/* Begin PBXResourcesBuildPhase section */
		4FB7E4CD1B70111D00C69777 /* Resources */ = {
			isa = PBXResourcesBuildPhase;
			buildActionMask = 2147483647;
			files = (
				4FB7E4E21B70111D00C69777 /* LaunchScreen.storyboard in Resources */,
				4FB7E4DF1B70111D00C69777 /* Assets.xcassets in Resources */,
				4F28B1571B903B6D0033D8D1 /* LeftMenu.storyboard in Resources */,
				4FB7E4DD1B70111D00C69777 /* Main.storyboard in Resources */,
			);
			runOnlyForDeploymentPostprocessing = 0;
		};
		4FB7E4E61B70111E00C69777 /* Resources */ = {
			isa = PBXResourcesBuildPhase;
			buildActionMask = 2147483647;
			files = (
			);
			runOnlyForDeploymentPostprocessing = 0;
		};
		4FB7E4F11B70111E00C69777 /* Resources */ = {
			isa = PBXResourcesBuildPhase;
			buildActionMask = 2147483647;
			files = (
			);
			runOnlyForDeploymentPostprocessing = 0;
		};
/* End PBXResourcesBuildPhase section */

/* Begin PBXShellScriptBuildPhase section */
		0F060DF30AF32B230014E2F2 /* Copy Pods Resources */ = {
			isa = PBXShellScriptBuildPhase;
			buildActionMask = 2147483647;
			files = (
			);
			inputPaths = (
			);
			name = "Copy Pods Resources";
			outputPaths = (
			);
			runOnlyForDeploymentPostprocessing = 0;
			shellPath = /bin/sh;
			shellScript = "\"${SRCROOT}/Pods/Target Support Files/Pods-Rocket.Chat.iOS/Pods-Rocket.Chat.iOS-resources.sh\"\n";
			showEnvVarsInLog = 0;
		};
		433CAF65EF3BB8CD25FDC599 /* Embed Pods Frameworks */ = {
			isa = PBXShellScriptBuildPhase;
			buildActionMask = 2147483647;
			files = (
			);
			inputPaths = (
			);
			name = "Embed Pods Frameworks";
			outputPaths = (
			);
			runOnlyForDeploymentPostprocessing = 0;
			shellPath = /bin/sh;
			shellScript = "\"${SRCROOT}/Pods/Target Support Files/Pods-Rocket.Chat.iOS/Pods-Rocket.Chat.iOS-frameworks.sh\"\n";
			showEnvVarsInLog = 0;
		};
		E524EBF45DB8ADD801F92BD1 /* Check Pods Manifest.lock */ = {
			isa = PBXShellScriptBuildPhase;
			buildActionMask = 2147483647;
			files = (
			);
			inputPaths = (
			);
			name = "Check Pods Manifest.lock";
			outputPaths = (
			);
			runOnlyForDeploymentPostprocessing = 0;
			shellPath = /bin/sh;
			shellScript = "diff \"${PODS_ROOT}/../Podfile.lock\" \"${PODS_ROOT}/Manifest.lock\" > /dev/null\nif [[ $? != 0 ]] ; then\n    cat << EOM\nerror: The sandbox is not in sync with the Podfile.lock. Run 'pod install' or update your CocoaPods installation.\nEOM\n    exit 1\nfi\n";
			showEnvVarsInLog = 0;
		};
/* End PBXShellScriptBuildPhase section */

/* Begin PBXSourcesBuildPhase section */
		4FB7E4CB1B70111D00C69777 /* Sources */ = {
			isa = PBXSourcesBuildPhase;
			buildActionMask = 2147483647;
			files = (
				410CEB271B8B38A800CAFFE9 /* LoginViewController.swift in Sources */,
				4F28B1631B9101720033D8D1 /* ChannelsTableViewCell.swift in Sources */,
				410CEB141B8B386E00CAFFE9 /* AppDelegate.swift in Sources */,
				4FB7E4D61B70111D00C69777 /* Rocket_Chat_iOS.xcdatamodeld in Sources */,
				410CEB1B1B8B388300CAFFE9 /* MainTableViewCell.swift in Sources */,
				410CEB241B8B388F00CAFFE9 /* ViewController.swift in Sources */,
				410CEB1A1B8B388300CAFFE9 /* LoadMoreHeaderTableViewCell.swift in Sources */,
				4F28B1611B9101720033D8D1 /* DirectMessagesTableViewCell.swift in Sources */,
				410CEB2D1B8B390400CAFFE9 /* Message.swift in Sources */,
				410CEB1C1B8B388300CAFFE9 /* NoDetailsTableViewCell.swift in Sources */,
				DF2A60E81B8DCD3A0014548B /* ForgotPasswordViewController.swift in Sources */,
				4F28B1691B9493B10033D8D1 /* ChatsNavTableViewController.swift in Sources */,
				410CEB2E1B8B390400CAFFE9 /* User.swift in Sources */,
				410CEB221B8B388F00CAFFE9 /* LeftViewController.swift in Sources */,
				DF2A60E61B8DC6280014548B /* RegisterViewController.swift in Sources */,
				4F28B1591B90FF230033D8D1 /* AccountBarViewController.swift in Sources */,
				4F28B1651B93514E0033D8D1 /* AccountOptionsTableViewController.swift in Sources */,
				4F28B1601B9101720033D8D1 /* FavoritesTableViewCell.swift in Sources */,
				410CEB2C1B8B390400CAFFE9 /* ChatRoom.swift in Sources */,
				410CEB231B8B388F00CAFFE9 /* RightViewController.swift in Sources */,
				4F28B1671B936C6C0033D8D1 /* LeftMenuTabBarViewController.swift in Sources */,
				4F28B1621B9101720033D8D1 /* PrivateGroupsTableViewCell.swift in Sources */,
			);
			runOnlyForDeploymentPostprocessing = 0;
		};
		4FB7E4E41B70111E00C69777 /* Sources */ = {
			isa = PBXSourcesBuildPhase;
			buildActionMask = 2147483647;
			files = (
				4FB7E4ED1B70111E00C69777 /* Rocket_Chat_iOSTests.swift in Sources */,
			);
			runOnlyForDeploymentPostprocessing = 0;
		};
		4FB7E4EF1B70111E00C69777 /* Sources */ = {
			isa = PBXSourcesBuildPhase;
			buildActionMask = 2147483647;
			files = (
				4FB7E4F81B70111E00C69777 /* Rocket_Chat_iOSUITests.swift in Sources */,
			);
			runOnlyForDeploymentPostprocessing = 0;
		};
/* End PBXSourcesBuildPhase section */

/* Begin PBXTargetDependency section */
		4FB7E4EA1B70111E00C69777 /* PBXTargetDependency */ = {
			isa = PBXTargetDependency;
			target = 4FB7E4CE1B70111D00C69777 /* Rocket.Chat.iOS */;
			targetProxy = 4FB7E4E91B70111E00C69777 /* PBXContainerItemProxy */;
		};
		4FB7E4F51B70111E00C69777 /* PBXTargetDependency */ = {
			isa = PBXTargetDependency;
			target = 4FB7E4CE1B70111D00C69777 /* Rocket.Chat.iOS */;
			targetProxy = 4FB7E4F41B70111E00C69777 /* PBXContainerItemProxy */;
		};
/* End PBXTargetDependency section */

/* Begin PBXVariantGroup section */
		4F28B1551B903B6D0033D8D1 /* LeftMenu.storyboard */ = {
			isa = PBXVariantGroup;
			children = (
				4F28B1561B903B6D0033D8D1 /* Base */,
			);
			name = LeftMenu.storyboard;
			sourceTree = "<group>";
		};
		4FB7E4DB1B70111D00C69777 /* Main.storyboard */ = {
			isa = PBXVariantGroup;
			children = (
				4FB7E4DC1B70111D00C69777 /* Base */,
			);
			name = Main.storyboard;
			sourceTree = "<group>";
		};
		4FB7E4E01B70111D00C69777 /* LaunchScreen.storyboard */ = {
			isa = PBXVariantGroup;
			children = (
				4FB7E4E11B70111D00C69777 /* Base */,
			);
			name = LaunchScreen.storyboard;
			sourceTree = "<group>";
		};
/* End PBXVariantGroup section */

/* Begin XCBuildConfiguration section */
		4FB7E4FA1B70111E00C69777 /* Debug */ = {
			isa = XCBuildConfiguration;
			buildSettings = {
				ALWAYS_SEARCH_USER_PATHS = NO;
				CLANG_CXX_LANGUAGE_STANDARD = "gnu++0x";
				CLANG_CXX_LIBRARY = "libc++";
				CLANG_ENABLE_MODULES = YES;
				CLANG_ENABLE_OBJC_ARC = YES;
				CLANG_WARN_BOOL_CONVERSION = YES;
				CLANG_WARN_CONSTANT_CONVERSION = YES;
				CLANG_WARN_DIRECT_OBJC_ISA_USAGE = YES_ERROR;
				CLANG_WARN_EMPTY_BODY = YES;
				CLANG_WARN_ENUM_CONVERSION = YES;
				CLANG_WARN_INT_CONVERSION = YES;
				CLANG_WARN_OBJC_ROOT_CLASS = YES_ERROR;
				CLANG_WARN_UNREACHABLE_CODE = YES;
				CLANG_WARN__DUPLICATE_METHOD_MATCH = YES;
				"CODE_SIGN_IDENTITY[sdk=iphoneos*]" = "iPhone Developer";
				COPY_PHASE_STRIP = NO;
				DEBUG_INFORMATION_FORMAT = dwarf;
				ENABLE_STRICT_OBJC_MSGSEND = YES;
				ENABLE_TESTABILITY = YES;
				GCC_C_LANGUAGE_STANDARD = gnu99;
				GCC_DYNAMIC_NO_PIC = NO;
				GCC_NO_COMMON_BLOCKS = YES;
				GCC_OPTIMIZATION_LEVEL = 0;
				GCC_PREPROCESSOR_DEFINITIONS = (
					"DEBUG=1",
					"$(inherited)",
				);
				GCC_WARN_64_TO_32_BIT_CONVERSION = YES;
				GCC_WARN_ABOUT_RETURN_TYPE = YES_ERROR;
				GCC_WARN_UNDECLARED_SELECTOR = YES;
				GCC_WARN_UNINITIALIZED_AUTOS = YES_AGGRESSIVE;
				GCC_WARN_UNUSED_FUNCTION = YES;
				GCC_WARN_UNUSED_VARIABLE = YES;
				IPHONEOS_DEPLOYMENT_TARGET = 8.4;
				MTL_ENABLE_DEBUG_INFO = YES;
				ONLY_ACTIVE_ARCH = YES;
				SDKROOT = iphoneos;
				SWIFT_OBJC_BRIDGING_HEADER = "";
				SWIFT_OPTIMIZATION_LEVEL = "-Onone";
				TARGETED_DEVICE_FAMILY = "1,2";
			};
			name = Debug;
		};
		4FB7E4FB1B70111E00C69777 /* Release */ = {
			isa = XCBuildConfiguration;
			buildSettings = {
				ALWAYS_SEARCH_USER_PATHS = NO;
				CLANG_CXX_LANGUAGE_STANDARD = "gnu++0x";
				CLANG_CXX_LIBRARY = "libc++";
				CLANG_ENABLE_MODULES = YES;
				CLANG_ENABLE_OBJC_ARC = YES;
				CLANG_WARN_BOOL_CONVERSION = YES;
				CLANG_WARN_CONSTANT_CONVERSION = YES;
				CLANG_WARN_DIRECT_OBJC_ISA_USAGE = YES_ERROR;
				CLANG_WARN_EMPTY_BODY = YES;
				CLANG_WARN_ENUM_CONVERSION = YES;
				CLANG_WARN_INT_CONVERSION = YES;
				CLANG_WARN_OBJC_ROOT_CLASS = YES_ERROR;
				CLANG_WARN_UNREACHABLE_CODE = YES;
				CLANG_WARN__DUPLICATE_METHOD_MATCH = YES;
				"CODE_SIGN_IDENTITY[sdk=iphoneos*]" = "iPhone Developer";
				COPY_PHASE_STRIP = NO;
				DEBUG_INFORMATION_FORMAT = "dwarf-with-dsym";
				ENABLE_NS_ASSERTIONS = NO;
				ENABLE_STRICT_OBJC_MSGSEND = YES;
				GCC_C_LANGUAGE_STANDARD = gnu99;
				GCC_NO_COMMON_BLOCKS = YES;
				GCC_WARN_64_TO_32_BIT_CONVERSION = YES;
				GCC_WARN_ABOUT_RETURN_TYPE = YES_ERROR;
				GCC_WARN_UNDECLARED_SELECTOR = YES;
				GCC_WARN_UNINITIALIZED_AUTOS = YES_AGGRESSIVE;
				GCC_WARN_UNUSED_FUNCTION = YES;
				GCC_WARN_UNUSED_VARIABLE = YES;
				IPHONEOS_DEPLOYMENT_TARGET = 8.4;
				MTL_ENABLE_DEBUG_INFO = NO;
				SDKROOT = iphoneos;
				SWIFT_OBJC_BRIDGING_HEADER = "";
				TARGETED_DEVICE_FAMILY = "1,2";
				VALIDATE_PRODUCT = YES;
			};
			name = Release;
		};
		4FB7E4FD1B70111E00C69777 /* Debug */ = {
			isa = XCBuildConfiguration;
			baseConfigurationReference = 39D29D0B9966EB0E7E0F9317 /* Pods-Rocket.Chat.iOS.debug.xcconfig */;
			buildSettings = {
				ASSETCATALOG_COMPILER_APPICON_NAME = AppIcon;
				CLANG_ENABLE_MODULES = YES;
				CODE_SIGN_IDENTITY = "iPhone Developer";
				"CODE_SIGN_IDENTITY[sdk=iphoneos*]" = "iPhone Developer";
				INFOPLIST_FILE = Rocket.Chat.iOS/Info.plist;
				IPHONEOS_DEPLOYMENT_TARGET = 8.4;
				LD_RUNPATH_SEARCH_PATHS = "$(inherited) @executable_path/Frameworks";
				ONLY_ACTIVE_ARCH = YES;
				PRODUCT_BUNDLE_IDENTIFIER = "chat.rocket.Rocket-Chat-iOS";
				PRODUCT_NAME = "$(TARGET_NAME)";
				PROVISIONING_PROFILE = "";
				SWIFT_OBJC_BRIDGING_HEADER = "Rocket.Chat.iOS/Rocket.Chat.iOS-Bridging-Header.h";
				SWIFT_OBJC_INTERFACE_HEADER_NAME = "$(SWIFT_MODULE_NAME)-Swift.h";
				SWIFT_OPTIMIZATION_LEVEL = "-Onone";
			};
			name = Debug;
		};
		4FB7E4FE1B70111E00C69777 /* Release */ = {
			isa = XCBuildConfiguration;
			baseConfigurationReference = E8B42BE2CCF2AD5BB7DE9FF1 /* Pods-Rocket.Chat.iOS.release.xcconfig */;
			buildSettings = {
				ASSETCATALOG_COMPILER_APPICON_NAME = AppIcon;
				CLANG_ENABLE_MODULES = YES;
				CODE_SIGN_IDENTITY = "iPhone Developer";
				"CODE_SIGN_IDENTITY[sdk=iphoneos*]" = "iPhone Developer";
				INFOPLIST_FILE = Rocket.Chat.iOS/Info.plist;
				IPHONEOS_DEPLOYMENT_TARGET = 8.4;
				LD_RUNPATH_SEARCH_PATHS = "$(inherited) @executable_path/Frameworks";
				PRODUCT_BUNDLE_IDENTIFIER = "chat.rocket.Rocket-Chat-iOS";
				PRODUCT_NAME = "$(TARGET_NAME)";
				PROVISIONING_PROFILE = "";
				SWIFT_OBJC_BRIDGING_HEADER = "Rocket.Chat.iOS/Rocket.Chat.iOS-Bridging-Header.h";
				SWIFT_OBJC_INTERFACE_HEADER_NAME = "$(SWIFT_MODULE_NAME)-Swift.h";
			};
			name = Release;
		};
		4FB7E5001B70111E00C69777 /* Debug */ = {
			isa = XCBuildConfiguration;
			buildSettings = {
				BUNDLE_LOADER = "$(TEST_HOST)";
				INFOPLIST_FILE = Rocket.Chat.iOSTests/Info.plist;
				LD_RUNPATH_SEARCH_PATHS = "$(inherited) @executable_path/Frameworks @loader_path/Frameworks";
				PRODUCT_BUNDLE_IDENTIFIER = "chat.rocket.Rocket-Chat-iOSTests";
				PRODUCT_NAME = "$(TARGET_NAME)";
				TEST_HOST = "$(BUILT_PRODUCTS_DIR)/Rocket.Chat.iOS.app/Rocket.Chat.iOS";
			};
			name = Debug;
		};
		4FB7E5011B70111E00C69777 /* Release */ = {
			isa = XCBuildConfiguration;
			buildSettings = {
				BUNDLE_LOADER = "$(TEST_HOST)";
				INFOPLIST_FILE = Rocket.Chat.iOSTests/Info.plist;
				LD_RUNPATH_SEARCH_PATHS = "$(inherited) @executable_path/Frameworks @loader_path/Frameworks";
				PRODUCT_BUNDLE_IDENTIFIER = "chat.rocket.Rocket-Chat-iOSTests";
				PRODUCT_NAME = "$(TARGET_NAME)";
				TEST_HOST = "$(BUILT_PRODUCTS_DIR)/Rocket.Chat.iOS.app/Rocket.Chat.iOS";
			};
			name = Release;
		};
		4FB7E5031B70111E00C69777 /* Debug */ = {
			isa = XCBuildConfiguration;
			buildSettings = {
				INFOPLIST_FILE = Rocket.Chat.iOSUITests/Info.plist;
				LD_RUNPATH_SEARCH_PATHS = "$(inherited) @executable_path/Frameworks @loader_path/Frameworks";
				PRODUCT_BUNDLE_IDENTIFIER = "chat.rocket.Rocket-Chat-iOSUITests";
				PRODUCT_NAME = "$(TARGET_NAME)";
				TEST_TARGET_NAME = Rocket.Chat.iOS;
				USES_XCTRUNNER = YES;
			};
			name = Debug;
		};
		4FB7E5041B70111E00C69777 /* Release */ = {
			isa = XCBuildConfiguration;
			buildSettings = {
				INFOPLIST_FILE = Rocket.Chat.iOSUITests/Info.plist;
				LD_RUNPATH_SEARCH_PATHS = "$(inherited) @executable_path/Frameworks @loader_path/Frameworks";
				PRODUCT_BUNDLE_IDENTIFIER = "chat.rocket.Rocket-Chat-iOSUITests";
				PRODUCT_NAME = "$(TARGET_NAME)";
				TEST_TARGET_NAME = Rocket.Chat.iOS;
				USES_XCTRUNNER = YES;
			};
			name = Release;
		};
/* End XCBuildConfiguration section */

/* Begin XCConfigurationList section */
		4FB7E4CA1B70111D00C69777 /* Build configuration list for PBXProject "Rocket.Chat.iOS" */ = {
			isa = XCConfigurationList;
			buildConfigurations = (
				4FB7E4FA1B70111E00C69777 /* Debug */,
				4FB7E4FB1B70111E00C69777 /* Release */,
			);
			defaultConfigurationIsVisible = 0;
			defaultConfigurationName = Release;
		};
		4FB7E4FC1B70111E00C69777 /* Build configuration list for PBXNativeTarget "Rocket.Chat.iOS" */ = {
			isa = XCConfigurationList;
			buildConfigurations = (
				4FB7E4FD1B70111E00C69777 /* Debug */,
				4FB7E4FE1B70111E00C69777 /* Release */,
			);
			defaultConfigurationIsVisible = 0;
			defaultConfigurationName = Release;
		};
		4FB7E4FF1B70111E00C69777 /* Build configuration list for PBXNativeTarget "Rocket.Chat.iOSTests" */ = {
			isa = XCConfigurationList;
			buildConfigurations = (
				4FB7E5001B70111E00C69777 /* Debug */,
				4FB7E5011B70111E00C69777 /* Release */,
			);
			defaultConfigurationIsVisible = 0;
			defaultConfigurationName = Release;
		};
		4FB7E5021B70111E00C69777 /* Build configuration list for PBXNativeTarget "Rocket.Chat.iOSUITests" */ = {
			isa = XCConfigurationList;
			buildConfigurations = (
				4FB7E5031B70111E00C69777 /* Debug */,
				4FB7E5041B70111E00C69777 /* Release */,
			);
			defaultConfigurationIsVisible = 0;
			defaultConfigurationName = Release;
		};
/* End XCConfigurationList section */

/* Begin XCVersionGroup section */
		4FB7E4D41B70111D00C69777 /* Rocket_Chat_iOS.xcdatamodeld */ = {
			isa = XCVersionGroup;
			children = (
				4FB7E4D51B70111D00C69777 /* Rocket_Chat_iOS.xcdatamodel */,
			);
			currentVersion = 4FB7E4D51B70111D00C69777 /* Rocket_Chat_iOS.xcdatamodel */;
			path = Rocket_Chat_iOS.xcdatamodeld;
			sourceTree = "<group>";
			versionGroupType = wrapper.xcdatamodel;
		};
/* End XCVersionGroup section */
	};
	rootObject = 4FB7E4C71B70111D00C69777 /* Project object */;
}
